
Microsoft Visual Studio Solution File, Format Version 12.00
# Visual Studio Version 16
VisualStudioVersion = 16.0.31005.135
MinimumVisualStudioVersion = 10.0.40219.1
Project("{FAE04EC0-301F-11D3-BF4B-00C04F79EFBC}") = "HelloWorldPlatzi", "HelloWorldPlatzi\HelloWorldPlatzi.csproj", "{33C6CD4A-A647-493C-B82B-337B815B76BF}"
EndProject
Global
	GlobalSection(SolutionConfigurationPlatforms) = preSolution
		Debug|Any CPU = Debug|Any CPU
		Release|Any CPU = Release|Any CPU
	EndGlobalSection
	GlobalSection(ProjectConfigurationPlatforms) = postSolution
		{33C6CD4A-A647-493C-B82B-337B815B76BF}.Debug|Any CPU.ActiveCfg = Debug|Any CPU
		{33C6CD4A-A647-493C-B82B-337B815B76BF}.Debug|Any CPU.Build.0 = Debug|Any CPU
		{33C6CD4A-A647-493C-B82B-337B815B76BF}.Release|Any CPU.ActiveCfg = Release|Any CPU
		{33C6CD4A-A647-493C-B82B-337B815B76BF}.Release|Any CPU.Build.0 = Release|Any CPU
	EndGlobalSection
	GlobalSection(SolutionProperties) = preSolution
		HideSolutionNode = FALSE
	EndGlobalSection
	GlobalSection(ExtensibilityGlobals) = postSolution
		SolutionGuid = {14F53E83-CD59-4E54-ADA0-88A6A3C3FD3A}
	EndGlobalSection
EndGlobal
